
Microsoft Visual Studio Solution File, Format Version 12.00
# Visual Studio Version 17
VisualStudioVersion = 17.14.36603.0
MinimumVisualStudioVersion = 10.0.40219.1
Project("{FAE04EC0-301F-11D3-BF4B-00C04F79EFBC}") = "Tyuiu.PrilukovDA.Sprint6.Task0.V3", "Tyuiu.PrilukovDA.Sprint6.Task0.V3\Tyuiu.PrilukovDA.Sprint6.Task0.V3.csproj", "{A0954688-07F9-45E7-8A70-4294C079CA5B}"
EndProject
Project("{FAE04EC0-301F-11D3-BF4B-00C04F79EFBC}") = "Tyuiu.PrilukovDA.Sprint6.Task0.V3.Lib", "Tyuiu.PrilukovDA.Sprint6.Task0.V3.Lib\Tyuiu.PrilukovDA.Sprint6.Task0.V3.Lib.csproj", "{B90FD6D2-FE17-4D24-9172-CEBA17E49B17}"
EndProject
Project("{FAE04EC0-301F-11D3-BF4B-00C04F79EFBC}") = "Tyuiu.PrilukovDA.Sprint6.Task0.V3.Test", "Tyuiu.PrilukovDA.Sprint6.Task0.V3.Test\Tyuiu.PrilukovDA.Sprint6.Task0.V3.Test.csproj", "{5009EBB8-70A3-4B67-9283-6DD8575787BC}"
EndProject
Project("{2150E333-8FDC-42A3-9474-1A3956D46DE8}") = "Task0", "Task0", "{36D591C7-65C7-A0D1-1CBC-10CDE441BDC8}"
EndProject
Project("{2150E333-8FDC-42A3-9474-1A3956D46DE8}") = "Task1", "Task1", "{AE1092B5-88CA-4985-BEA3-1F76BFA94C6F}"
EndProject
Project("{FAE04EC0-301F-11D3-BF4B-00C04F79EFBC}") = "Tyuiu.PrilukovDA.Sprint6.Task1.V25.Lib", "Tyuiu.PrilukovDA.Sprint6.Task1.V25.Lib\Tyuiu.PrilukovDA.Sprint6.Task1.V25.Lib.csproj", "{4DADD173-7E21-4F36-A182-0E3CEEE469AC}"
EndProject
Project("{FAE04EC0-301F-11D3-BF4B-00C04F79EFBC}") = "Tyuiu.PrilukovDA.Sprint6.Task1.V25.Test", "Tyuiu.PrilukovDA.Sprint6.Task1.V25.Test\Tyuiu.PrilukovDA.Sprint6.Task1.V25.Test.csproj", "{62D94C20-F10D-4F06-BBC1-DBFC6D1F39AF}"
EndProject
Project("{FAE04EC0-301F-11D3-BF4B-00C04F79EFBC}") = "Tyuiu.PrilukovDA.Sprint6.Task1.V25", "Tyuiu.PrilukovDA.Sprint6.Task1.V25\Tyuiu.PrilukovDA.Sprint6.Task1.V25.csproj", "{DE692BA0-A2FB-47A9-9C62-C1212E2F6F95}"
EndProject
Project("{2150E333-8FDC-42A3-9474-1A3956D46DE8}") = "Task2", "Task2", "{E704032D-2700-4561-922C-D687A385F318}"
EndProject
Project("{FAE04EC0-301F-11D3-BF4B-00C04F79EFBC}") = "Tyuiu.PrilukovDA.Sprint6.Task2.V12.Lib", "Tyuiu.PrilukovDA.Sprint6.Task2.V12.Lib\Tyuiu.PrilukovDA.Sprint6.Task2.V12.Lib.csproj", "{BA4B972F-6671-48BC-97F1-6EEBD0BD14E8}"
EndProject
Project("{FAE04EC0-301F-11D3-BF4B-00C04F79EFBC}") = "Tyuiu.PrilukovDA.Sprint6.Task2.V12.Test", "Tyuiu.PrilukovDA.Sprint6.Task2.V12.Test\Tyuiu.PrilukovDA.Sprint6.Task2.V12.Test.csproj", "{54C3F688-0C3D-46CE-8A51-BCE68813C3EE}"
EndProject
Project("{FAE04EC0-301F-11D3-BF4B-00C04F79EFBC}") = "Tyuiu.PrilukovDA.Sprint6.Task2.V12", "Tyuiu.PrilukovDA.Sprint6.Task2.V12\Tyuiu.PrilukovDA.Sprint6.Task2.V12.csproj", "{399EDD6C-253F-46EB-8B8F-75997F440EE7}"
EndProject
Project("{2150E333-8FDC-42A3-9474-1A3956D46DE8}") = "Task3", "Task3", "{15092D82-6EC8-42CE-A7D9-9DA9000FB6DD}"
EndProject
Project("{FAE04EC0-301F-11D3-BF4B-00C04F79EFBC}") = "Tyuiu.PrilukovDA.Sprint6.Task3.V22", "Tyuiu.PrilukovDA.Sprint6.Task3.V22\Tyuiu.PrilukovDA.Sprint6.Task3.V22.csproj", "{0670E936-48F1-4E93-9DFD-CF73EE478332}"
EndProject
Project("{FAE04EC0-301F-11D3-BF4B-00C04F79EFBC}") = "Tyuiu.PrilukovDA.Sprint6.Task3.V22.Lib", "Tyuiu.PrilukovDA.Sprint6.Task3.V22.Lib\Tyuiu.PrilukovDA.Sprint6.Task3.V22.Lib.csproj", "{4C803250-FCB8-4CC5-991F-84869A7BD706}"
EndProject
Project("{FAE04EC0-301F-11D3-BF4B-00C04F79EFBC}") = "Tyuiu.PrilukovDA.Sprint6.Task3.V22.Test", "Tyuiu.PrilukovDA.Sprint6.Task3.V22.Test\Tyuiu.PrilukovDA.Sprint6.Task3.V22.Test.csproj", "{FE087A66-56C4-4F2F-8519-C8730D1C2379}"
EndProject
Project("{2150E333-8FDC-42A3-9474-1A3956D46DE8}") = "Task4", "Task4", "{717B316A-0A46-43DB-BB22-54188587CE8E}"
EndProject
Project("{FAE04EC0-301F-11D3-BF4B-00C04F79EFBC}") = "Tyuiu.PrilukovDA.Sprint6.Task4.V17", "Tyuiu.PrilukovDA.Sprint6.Task4.V17\Tyuiu.PrilukovDA.Sprint6.Task4.V17.csproj", "{5F6F493E-5475-47C2-B711-26D640987E9B}"
EndProject
Project("{FAE04EC0-301F-11D3-BF4B-00C04F79EFBC}") = "Tyuiu.PrilukovDA.Sprint6.Task4.V17.Lib", "Tyuiu.PrilukovDA.Sprint6.Task4.V17.Lib\Tyuiu.PrilukovDA.Sprint6.Task4.V17.Lib.csproj", "{32D5D0E9-3678-4026-BE96-6A08F36E2188}"
EndProject
Project("{FAE04EC0-301F-11D3-BF4B-00C04F79EFBC}") = "Tyuiu.PrilukovDA.Sprint6.Task4.V17.Test", "Tyuiu.PrilukovDA.Sprint6.Task4.V17.Test\Tyuiu.PrilukovDA.Sprint6.Task4.V17.Test.csproj", "{F4B0F0B1-FFC1-443E-B4B7-4B3606F913E5}"
EndProject
Project("{2150E333-8FDC-42A3-9474-1A3956D46DE8}") = "Task5", "Task5", "{492C60D4-BAF9-40E1-966F-995E4A8251EC}"
EndProject
Project("{FAE04EC0-301F-11D3-BF4B-00C04F79EFBC}") = "Tyuiu.PrilukovDA.Sprint6.Task5.V30", "Tyuiu.PrilukovDA.Sprint6.Task5.V30\Tyuiu.PrilukovDA.Sprint6.Task5.V30.csproj", "{60CBD94A-DF16-4D15-A496-EFA7840168AC}"
EndProject
Project("{FAE04EC0-301F-11D3-BF4B-00C04F79EFBC}") = "Tyuiu.PrilukovDA.Sprint6.Task5.V30.Lib", "Tyuiu.PrilukovDA.Sprint6.Task5.V30.Lib\Tyuiu.PrilukovDA.Sprint6.Task5.V30.Lib.csproj", "{7A107FF6-6790-436F-9620-77F218E1701C}"
EndProject
Project("{FAE04EC0-301F-11D3-BF4B-00C04F79EFBC}") = "Tyuiu.PrilukovDA.Sprint6.Task5.V30.Test", "Tyuiu.PrilukovDA.Sprint6.Task5.V30.Test\Tyuiu.PrilukovDA.Sprint6.Task5.V30.Test.csproj", "{97F7B0FC-D895-4F9E-B1CE-01959E905BC5}"
EndProject
Global
	GlobalSection(SolutionConfigurationPlatforms) = preSolution
		Debug|Any CPU = Debug|Any CPU
		Release|Any CPU = Release|Any CPU
	EndGlobalSection
	GlobalSection(ProjectConfigurationPlatforms) = postSolution
		{A0954688-07F9-45E7-8A70-4294C079CA5B}.Debug|Any CPU.ActiveCfg = Debug|Any CPU
		{A0954688-07F9-45E7-8A70-4294C079CA5B}.Debug|Any CPU.Build.0 = Debug|Any CPU
		{A0954688-07F9-45E7-8A70-4294C079CA5B}.Release|Any CPU.ActiveCfg = Release|Any CPU
		{A0954688-07F9-45E7-8A70-4294C079CA5B}.Release|Any CPU.Build.0 = Release|Any CPU
		{B90FD6D2-FE17-4D24-9172-CEBA17E49B17}.Debug|Any CPU.ActiveCfg = Debug|Any CPU
		{B90FD6D2-FE17-4D24-9172-CEBA17E49B17}.Debug|Any CPU.Build.0 = Debug|Any CPU
		{B90FD6D2-FE17-4D24-9172-CEBA17E49B17}.Release|Any CPU.ActiveCfg = Release|Any CPU
		{B90FD6D2-FE17-4D24-9172-CEBA17E49B17}.Release|Any CPU.Build.0 = Release|Any CPU
		{5009EBB8-70A3-4B67-9283-6DD8575787BC}.Debug|Any CPU.ActiveCfg = Debug|Any CPU
		{5009EBB8-70A3-4B67-9283-6DD8575787BC}.Debug|Any CPU.Build.0 = Debug|Any CPU
		{5009EBB8-70A3-4B67-9283-6DD8575787BC}.Release|Any CPU.ActiveCfg = Release|Any CPU
		{5009EBB8-70A3-4B67-9283-6DD8575787BC}.Release|Any CPU.Build.0 = Release|Any CPU
		{4DADD173-7E21-4F36-A182-0E3CEEE469AC}.Debug|Any CPU.ActiveCfg = Debug|Any CPU
		{4DADD173-7E21-4F36-A182-0E3CEEE469AC}.Debug|Any CPU.Build.0 = Debug|Any CPU
		{4DADD173-7E21-4F36-A182-0E3CEEE469AC}.Release|Any CPU.ActiveCfg = Release|Any CPU
		{4DADD173-7E21-4F36-A182-0E3CEEE469AC}.Release|Any CPU.Build.0 = Release|Any CPU
		{62D94C20-F10D-4F06-BBC1-DBFC6D1F39AF}.Debug|Any CPU.ActiveCfg = Debug|Any CPU
		{62D94C20-F10D-4F06-BBC1-DBFC6D1F39AF}.Debug|Any CPU.Build.0 = Debug|Any CPU
		{62D94C20-F10D-4F06-BBC1-DBFC6D1F39AF}.Release|Any CPU.ActiveCfg = Release|Any CPU
		{62D94C20-F10D-4F06-BBC1-DBFC6D1F39AF}.Release|Any CPU.Build.0 = Release|Any CPU
		{DE692BA0-A2FB-47A9-9C62-C1212E2F6F95}.Debug|Any CPU.ActiveCfg = Debug|Any CPU
		{DE692BA0-A2FB-47A9-9C62-C1212E2F6F95}.Debug|Any CPU.Build.0 = Debug|Any CPU
		{DE692BA0-A2FB-47A9-9C62-C1212E2F6F95}.Release|Any CPU.ActiveCfg = Release|Any CPU
		{DE692BA0-A2FB-47A9-9C62-C1212E2F6F95}.Release|Any CPU.Build.0 = Release|Any CPU
		{BA4B972F-6671-48BC-97F1-6EEBD0BD14E8}.Debug|Any CPU.ActiveCfg = Debug|Any CPU
		{BA4B972F-6671-48BC-97F1-6EEBD0BD14E8}.Debug|Any CPU.Build.0 = Debug|Any CPU
		{BA4B972F-6671-48BC-97F1-6EEBD0BD14E8}.Release|Any CPU.ActiveCfg = Release|Any CPU
		{BA4B972F-6671-48BC-97F1-6EEBD0BD14E8}.Release|Any CPU.Build.0 = Release|Any CPU
		{54C3F688-0C3D-46CE-8A51-BCE68813C3EE}.Debug|Any CPU.ActiveCfg = Debug|Any CPU
		{54C3F688-0C3D-46CE-8A51-BCE68813C3EE}.Debug|Any CPU.Build.0 = Debug|Any CPU
		{54C3F688-0C3D-46CE-8A51-BCE68813C3EE}.Release|Any CPU.ActiveCfg = Release|Any CPU
		{54C3F688-0C3D-46CE-8A51-BCE68813C3EE}.Release|Any CPU.Build.0 = Release|Any CPU
		{399EDD6C-253F-46EB-8B8F-75997F440EE7}.Debug|Any CPU.ActiveCfg = Debug|Any CPU
		{399EDD6C-253F-46EB-8B8F-75997F440EE7}.Debug|Any CPU.Build.0 = Debug|Any CPU
		{399EDD6C-253F-46EB-8B8F-75997F440EE7}.Release|Any CPU.ActiveCfg = Release|Any CPU
		{399EDD6C-253F-46EB-8B8F-75997F440EE7}.Release|Any CPU.Build.0 = Release|Any CPU
		{0670E936-48F1-4E93-9DFD-CF73EE478332}.Debug|Any CPU.ActiveCfg = Debug|Any CPU
		{0670E936-48F1-4E93-9DFD-CF73EE478332}.Debug|Any CPU.Build.0 = Debug|Any CPU
		{0670E936-48F1-4E93-9DFD-CF73EE478332}.Release|Any CPU.ActiveCfg = Release|Any CPU
		{0670E936-48F1-4E93-9DFD-CF73EE478332}.Release|Any CPU.Build.0 = Release|Any CPU
		{4C803250-FCB8-4CC5-991F-84869A7BD706}.Debug|Any CPU.ActiveCfg = Debug|Any CPU
		{4C803250-FCB8-4CC5-991F-84869A7BD706}.Debug|Any CPU.Build.0 = Debug|Any CPU
		{4C803250-FCB8-4CC5-991F-84869A7BD706}.Release|Any CPU.ActiveCfg = Release|Any CPU
		{4C803250-FCB8-4CC5-991F-84869A7BD706}.Release|Any CPU.Build.0 = Release|Any CPU
		{FE087A66-56C4-4F2F-8519-C8730D1C2379}.Debug|Any CPU.ActiveCfg = Debug|Any CPU
		{FE087A66-56C4-4F2F-8519-C8730D1C2379}.Debug|Any CPU.Build.0 = Debug|Any CPU
		{FE087A66-56C4-4F2F-8519-C8730D1C2379}.Release|Any CPU.ActiveCfg = Release|Any CPU
		{FE087A66-56C4-4F2F-8519-C8730D1C2379}.Release|Any CPU.Build.0 = Release|Any CPU
		{5F6F493E-5475-47C2-B711-26D640987E9B}.Debug|Any CPU.ActiveCfg = Debug|Any CPU
		{5F6F493E-5475-47C2-B711-26D640987E9B}.Debug|Any CPU.Build.0 = Debug|Any CPU
		{5F6F493E-5475-47C2-B711-26D640987E9B}.Release|Any CPU.ActiveCfg = Release|Any CPU
		{5F6F493E-5475-47C2-B711-26D640987E9B}.Release|Any CPU.Build.0 = Release|Any CPU
		{32D5D0E9-3678-4026-BE96-6A08F36E2188}.Debug|Any CPU.ActiveCfg = Debug|Any CPU
		{32D5D0E9-3678-4026-BE96-6A08F36E2188}.Debug|Any CPU.Build.0 = Debug|Any CPU
		{32D5D0E9-3678-4026-BE96-6A08F36E2188}.Release|Any CPU.ActiveCfg = Release|Any CPU
		{32D5D0E9-3678-4026-BE96-6A08F36E2188}.Release|Any CPU.Build.0 = Release|Any CPU
		{F4B0F0B1-FFC1-443E-B4B7-4B3606F913E5}.Debug|Any CPU.ActiveCfg = Debug|Any CPU
		{F4B0F0B1-FFC1-443E-B4B7-4B3606F913E5}.Debug|Any CPU.Build.0 = Debug|Any CPU
		{F4B0F0B1-FFC1-443E-B4B7-4B3606F913E5}.Release|Any CPU.ActiveCfg = Release|Any CPU
		{F4B0F0B1-FFC1-443E-B4B7-4B3606F913E5}.Release|Any CPU.Build.0 = Release|Any CPU
		{60CBD94A-DF16-4D15-A496-EFA7840168AC}.Debug|Any CPU.ActiveCfg = Debug|Any CPU
		{60CBD94A-DF16-4D15-A496-EFA7840168AC}.Debug|Any CPU.Build.0 = Debug|Any CPU
		{60CBD94A-DF16-4D15-A496-EFA7840168AC}.Release|Any CPU.ActiveCfg = Release|Any CPU
		{60CBD94A-DF16-4D15-A496-EFA7840168AC}.Release|Any CPU.Build.0 = Release|Any CPU
		{7A107FF6-6790-436F-9620-77F218E1701C}.Debug|Any CPU.ActiveCfg = Debug|Any CPU
		{7A107FF6-6790-436F-9620-77F218E1701C}.Debug|Any CPU.Build.0 = Debug|Any CPU
		{7A107FF6-6790-436F-9620-77F218E1701C}.Release|Any CPU.ActiveCfg = Release|Any CPU
		{7A107FF6-6790-436F-9620-77F218E1701C}.Release|Any CPU.Build.0 = Release|Any CPU
		{97F7B0FC-D895-4F9E-B1CE-01959E905BC5}.Debug|Any CPU.ActiveCfg = Debug|Any CPU
		{97F7B0FC-D895-4F9E-B1CE-01959E905BC5}.Debug|Any CPU.Build.0 = Debug|Any CPU
		{97F7B0FC-D895-4F9E-B1CE-01959E905BC5}.Release|Any CPU.ActiveCfg = Release|Any CPU
		{97F7B0FC-D895-4F9E-B1CE-01959E905BC5}.Release|Any CPU.Build.0 = Release|Any CPU
	EndGlobalSection
	GlobalSection(SolutionProperties) = preSolution
		HideSolutionNode = FALSE
	EndGlobalSection
	GlobalSection(NestedProjects) = preSolution
		{A0954688-07F9-45E7-8A70-4294C079CA5B} = {36D591C7-65C7-A0D1-1CBC-10CDE441BDC8}
		{B90FD6D2-FE17-4D24-9172-CEBA17E49B17} = {36D591C7-65C7-A0D1-1CBC-10CDE441BDC8}
		{5009EBB8-70A3-4B67-9283-6DD8575787BC} = {36D591C7-65C7-A0D1-1CBC-10CDE441BDC8}
		{4DADD173-7E21-4F36-A182-0E3CEEE469AC} = {AE1092B5-88CA-4985-BEA3-1F76BFA94C6F}
		{62D94C20-F10D-4F06-BBC1-DBFC6D1F39AF} = {AE1092B5-88CA-4985-BEA3-1F76BFA94C6F}
		{DE692BA0-A2FB-47A9-9C62-C1212E2F6F95} = {AE1092B5-88CA-4985-BEA3-1F76BFA94C6F}
		{BA4B972F-6671-48BC-97F1-6EEBD0BD14E8} = {E704032D-2700-4561-922C-D687A385F318}
		{54C3F688-0C3D-46CE-8A51-BCE68813C3EE} = {E704032D-2700-4561-922C-D687A385F318}
		{399EDD6C-253F-46EB-8B8F-75997F440EE7} = {E704032D-2700-4561-922C-D687A385F318}
		{0670E936-48F1-4E93-9DFD-CF73EE478332} = {15092D82-6EC8-42CE-A7D9-9DA9000FB6DD}
		{4C803250-FCB8-4CC5-991F-84869A7BD706} = {15092D82-6EC8-42CE-A7D9-9DA9000FB6DD}
		{FE087A66-56C4-4F2F-8519-C8730D1C2379} = {15092D82-6EC8-42CE-A7D9-9DA9000FB6DD}
		{5F6F493E-5475-47C2-B711-26D640987E9B} = {717B316A-0A46-43DB-BB22-54188587CE8E}
		{32D5D0E9-3678-4026-BE96-6A08F36E2188} = {717B316A-0A46-43DB-BB22-54188587CE8E}
		{F4B0F0B1-FFC1-443E-B4B7-4B3606F913E5} = {717B316A-0A46-43DB-BB22-54188587CE8E}
		{60CBD94A-DF16-4D15-A496-EFA7840168AC} = {492C60D4-BAF9-40E1-966F-995E4A8251EC}
		{7A107FF6-6790-436F-9620-77F218E1701C} = {492C60D4-BAF9-40E1-966F-995E4A8251EC}
		{97F7B0FC-D895-4F9E-B1CE-01959E905BC5} = {492C60D4-BAF9-40E1-966F-995E4A8251EC}
	EndGlobalSection
	GlobalSection(ExtensibilityGlobals) = postSolution
		SolutionGuid = {90119329-E375-48B6-B956-4418CCB2C6E4}
	EndGlobalSection
EndGlobal
